
Microsoft Visual Studio Solution File, Format Version 12.00
# Visual Studio Version 16
VisualStudioVersion = 16.0.31005.135
MinimumVisualStudioVersion = 10.0.40219.1
Project("{FAE04EC0-301F-11D3-BF4B-00C04F79EFBC}") = "33Builds.UITests", "33Builds.UITests\33Builds.UITests.csproj", "{3C42EB2F-46D6-4EF0-8E90-BC9B2D0CA524}"
EndProject
Project("{FAE04EC0-301F-11D3-BF4B-00C04F79EFBC}") = "33Builds.TestingFramework", "33Builds.TestingFramework\33Builds.TestingFramework.csproj", "{A5D21C9B-1DFB-47AF-8192-70414F94E01C}"
EndProject
Project("{FAE04EC0-301F-11D3-BF4B-00C04F79EFBC}") = "33Builds.APITests", "33Builds.APITests\33Builds.APITests.csproj", "{EB3CF4FE-3F0D-4FEF-B6E0-74D57B3B4C4D}"
EndProject
Global
	GlobalSection(SolutionConfigurationPlatforms) = preSolution
		Debug|Any CPU = Debug|Any CPU
		Release|Any CPU = Release|Any CPU
	EndGlobalSection
	GlobalSection(ProjectConfigurationPlatforms) = postSolution
		{3C42EB2F-46D6-4EF0-8E90-BC9B2D0CA524}.Debug|Any CPU.ActiveCfg = Debug|Any CPU
		{3C42EB2F-46D6-4EF0-8E90-BC9B2D0CA524}.Debug|Any CPU.Build.0 = Debug|Any CPU
		{3C42EB2F-46D6-4EF0-8E90-BC9B2D0CA524}.Release|Any CPU.ActiveCfg = Release|Any CPU
		{3C42EB2F-46D6-4EF0-8E90-BC9B2D0CA524}.Release|Any CPU.Build.0 = Release|Any CPU
		{A5D21C9B-1DFB-47AF-8192-70414F94E01C}.Debug|Any CPU.ActiveCfg = Debug|Any CPU
		{A5D21C9B-1DFB-47AF-8192-70414F94E01C}.Debug|Any CPU.Build.0 = Debug|Any CPU
		{A5D21C9B-1DFB-47AF-8192-70414F94E01C}.Release|Any CPU.ActiveCfg = Release|Any CPU
		{A5D21C9B-1DFB-47AF-8192-70414F94E01C}.Release|Any CPU.Build.0 = Release|Any CPU
		{EB3CF4FE-3F0D-4FEF-B6E0-74D57B3B4C4D}.Debug|Any CPU.ActiveCfg = Debug|Any CPU
		{EB3CF4FE-3F0D-4FEF-B6E0-74D57B3B4C4D}.Debug|Any CPU.Build.0 = Debug|Any CPU
		{EB3CF4FE-3F0D-4FEF-B6E0-74D57B3B4C4D}.Release|Any CPU.ActiveCfg = Release|Any CPU
		{EB3CF4FE-3F0D-4FEF-B6E0-74D57B3B4C4D}.Release|Any CPU.Build.0 = Release|Any CPU
	EndGlobalSection
	GlobalSection(SolutionProperties) = preSolution
		HideSolutionNode = FALSE
	EndGlobalSection
	GlobalSection(ExtensibilityGlobals) = postSolution
		SolutionGuid = {0E1EFECE-4CBF-4021-91ED-B02BAFB3366C}
	EndGlobalSection
EndGlobal
